
Microsoft Visual Studio Solution File, Format Version 12.00
# Visual Studio Version 17
VisualStudioVersion = 17.8.34330.188
MinimumVisualStudioVersion = 10.0.40219.1
Project("{FAE04EC0-301F-11D3-BF4B-00C04F79EFBC}") = "HWİD Login Panel", "HWİD Login Panel\HWİD Login Panel.csproj", "{F4B0262B-F1A3-4F9F-905E-7AAC68A140D8}"
EndProject
Global
	GlobalSection(SolutionConfigurationPlatforms) = preSolution
		Debug|Any CPU = Debug|Any CPU
		Release|Any CPU = Release|Any CPU
	EndGlobalSection
	GlobalSection(ProjectConfigurationPlatforms) = postSolution
		{F4B0262B-F1A3-4F9F-905E-7AAC68A140D8}.Debug|Any CPU.ActiveCfg = Debug|Any CPU
		{F4B0262B-F1A3-4F9F-905E-7AAC68A140D8}.Debug|Any CPU.Build.0 = Debug|Any CPU
		{F4B0262B-F1A3-4F9F-905E-7AAC68A140D8}.Release|Any CPU.ActiveCfg = Release|Any CPU
		{F4B0262B-F1A3-4F9F-905E-7AAC68A140D8}.Release|Any CPU.Build.0 = Release|Any CPU
	EndGlobalSection
	GlobalSection(SolutionProperties) = preSolution
		HideSolutionNode = FALSE
	EndGlobalSection
	GlobalSection(ExtensibilityGlobals) = postSolution
		SolutionGuid = {8AC91632-FFB0-4F22-A040-56F2AE497DDC}
	EndGlobalSection
EndGlobal
